
Microsoft Visual Studio Solution File, Format Version 12.00
# Visual Studio Version 17
VisualStudioVersion = 17.3.32929.385
MinimumVisualStudioVersion = 10.0.40219.1
Project("{FAE04EC0-301F-11D3-BF4B-00C04F79EFBC}") = "TerraformCdkAws", "TerraformCdkAws.csproj", "{93556627-0271-4DD4-A79A-8AF87DEE5D00}"
EndProject
Global
	GlobalSection(SolutionConfigurationPlatforms) = preSolution
		Debug|Any CPU = Debug|Any CPU
		Release|Any CPU = Release|Any CPU
	EndGlobalSection
	GlobalSection(ProjectConfigurationPlatforms) = postSolution
		{93556627-0271-4DD4-A79A-8AF87DEE5D00}.Debug|Any CPU.ActiveCfg = Debug|Any CPU
		{93556627-0271-4DD4-A79A-8AF87DEE5D00}.Debug|Any CPU.Build.0 = Debug|Any CPU
		{93556627-0271-4DD4-A79A-8AF87DEE5D00}.Release|Any CPU.ActiveCfg = Release|Any CPU
		{93556627-0271-4DD4-A79A-8AF87DEE5D00}.Release|Any CPU.Build.0 = Release|Any CPU
	EndGlobalSection
	GlobalSection(SolutionProperties) = preSolution
		HideSolutionNode = FALSE
	EndGlobalSection
	GlobalSection(ExtensibilityGlobals) = postSolution
		SolutionGuid = {DCF060FE-276D-41F7-BA61-F313E1FD1F4E}
	EndGlobalSection
EndGlobal
